[resolutions."actions-rust-lang/rustfmt"."^1"]
version = "v1.1.2"

[resolutions."actions-rust-lang/setup-rust-toolchain"."~1.15.2"]
version = "v1.15.2"

[resolutions."actions/checkout"."^6"]
version = "v6.0.2"

[resolutions."actions/create-github-app-token"."^2"]
version = "v2.2.1"

[resolutions."actions/download-artifact"."^7"]
version = "v7.0.0"

[resolutions."actions/upload-artifact"."^6"]
version = "v6.0.0"

[resolutions."jdx/mise-action"."^3"]
version = "v3.6.1"

[resolutions."release-plz/action"."^0.5"]
version = "v0.5.128"

[resolutions."rust-lang/crates-io-auth-action"."~1.0.3"]
version = "v1.0.3"

[actions."actions-rust-lang/rustfmt"."v1.1.2"]
sha = "4066006ec54a31931b9b1fddfd38f2fdf2d27143"
repository = "actions-rust-lang/rustfmt"
ref_type = "tag"
date = "2025-12-14T19:52:54Z"

[actions."actions-rust-lang/setup-rust-toolchain"."v1.15.2"]
sha = "1780873c7b576612439a134613cc4cc74ce5538c"
repository = "actions-rust-lang/setup-rust-toolchain"
ref_type = "tag"
date = "2025-10-04T13:50:05Z"

[actions."actions/checkout"."v6.0.2"]
sha = "de0fac2e4500dabe0009e67214ff5f5447ce83dd"
repository = "actions/checkout"
ref_type = "tag"
date = "2026-01-09T19:42:23Z"

[actions."actions/create-github-app-token"."v2.2.1"]
sha = "29824e69f54612133e76f7eaac726eef6c875baf"
repository = "actions/create-github-app-token"
ref_type = "tag"
date = "2025-12-05T22:53:03Z"

[actions."actions/download-artifact"."v7.0.0"]
sha = "37930b1c2abaa49bbe596cd826c3c89aef350131"
repository = "actions/download-artifact"
ref_type = "tag"
date = "2025-12-12T17:58:13Z"

[actions."actions/upload-artifact"."v6.0.0"]
sha = "b7c566a772e6b6bfb58ed0dc250532a479d7789f"
repository = "actions/upload-artifact"
ref_type = "tag"
date = "2025-12-12T17:58:04Z"

[actions."jdx/mise-action"."v3.6.1"]
sha = "6d1e696aa24c1aa1bcc1adea0212707c71ab78a8"
repository = "jdx/mise-action"
ref_type = "tag"
date = "2026-01-20T12:32:53Z"

[actions."release-plz/action"."v0.5.128"]
sha = "1528104d2ca23787631a1c1f022abb64b34c1e11"
repository = "release-plz/action"
ref_type = "tag"
date = "2026-03-07T16:39:43Z"

[actions."rust-lang/crates-io-auth-action"."v1.0.3"]
sha = "b7e9a28eded4986ec6b1fa40eeee8f8f165559ec"
repository = "rust-lang/crates-io-auth-action"
ref_type = "tag"
date = "2025-11-06T13:23:38Z"
