# @generated - this file is auto-generated by `mise lock` https://mise.en.dev/dev-tools/mise-lock.html

[[tools."aqua:j178/prek"]]
version = "0.4.4"
backend = "aqua:j178/prek"

[tools."aqua:j178/prek"."platforms.linux-arm64"]
checksum = "sha256:b38ea178e3f73a7a767edde47a091faac2814d93ba7faa590cba8d19d0fdc76a"
url = "https://github.com/j178/prek/releases/download/v0.4.4/prek-aarch64-unknown-linux-musl.tar.gz"
provenance = "github-attestations"

[tools."aqua:j178/prek"."platforms.linux-arm64-musl"]
checksum = "sha256:b38ea178e3f73a7a767edde47a091faac2814d93ba7faa590cba8d19d0fdc76a"
url = "https://github.com/j178/prek/releases/download/v0.4.4/prek-aarch64-unknown-linux-musl.tar.gz"
provenance = "github-attestations"

[tools."aqua:j178/prek"."platforms.linux-x64"]
checksum = "sha256:4a0aa963c6468ebcd4734ee7d763e8c1223bfb9bdabcb4528a7afac6b0147e12"
url = "https://github.com/j178/prek/releases/download/v0.4.4/prek-x86_64-unknown-linux-musl.tar.gz"
provenance = "github-attestations"

[tools."aqua:j178/prek"."platforms.linux-x64-musl"]
checksum = "sha256:4a0aa963c6468ebcd4734ee7d763e8c1223bfb9bdabcb4528a7afac6b0147e12"
url = "https://github.com/j178/prek/releases/download/v0.4.4/prek-x86_64-unknown-linux-musl.tar.gz"
provenance = "github-attestations"

[tools."aqua:j178/prek"."platforms.macos-arm64"]
checksum = "sha256:d3d74f96bbb9fe88d14bdb3119501f8f39602b885e19f57c6567791599afd231"
url = "https://github.com/j178/prek/releases/download/v0.4.4/prek-aarch64-apple-darwin.tar.gz"
provenance = "github-attestations"

[tools."aqua:j178/prek"."platforms.macos-x64"]
checksum = "sha256:960809f1b7541210e4182fb5408b2de5394ef4a490f8de51bc19724e4c0df227"
url = "https://github.com/j178/prek/releases/download/v0.4.4/prek-x86_64-apple-darwin.tar.gz"
provenance = "github-attestations"

[tools."aqua:j178/prek"."platforms.windows-x64"]
checksum = "sha256:c6b503e858a7ba17df47618d1c5b0331132b70bcc2a35704e5f422d21c433abe"
url = "https://github.com/j178/prek/releases/download/v0.4.4/prek-x86_64-pc-windows-msvc.zip"
provenance = "github-attestations"

[[tools."github:EmbarkStudios/cargo-deny"]]
version = "0.19.0"
backend = "github:EmbarkStudios/cargo-deny"

[tools."github:EmbarkStudios/cargo-deny"."platforms.linux-arm64"]
checksum = "sha256:2b3567a60b7491c159d1cef8b7d8479d1ad2a31e29ef49462634ad4552fcc77d"
url = "https://github.com/EmbarkStudios/cargo-deny/releases/download/0.19.0/cargo-deny-0.19.0-aarch64-unknown-linux-musl.tar.gz"
url_api = "https://api.github.com/repos/EmbarkStudios/cargo-deny/releases/assets/337862688"

[tools."github:EmbarkStudios/cargo-deny"."platforms.linux-arm64-musl"]
checksum = "sha256:2b3567a60b7491c159d1cef8b7d8479d1ad2a31e29ef49462634ad4552fcc77d"
url = "https://github.com/EmbarkStudios/cargo-deny/releases/download/0.19.0/cargo-deny-0.19.0-aarch64-unknown-linux-musl.tar.gz"
url_api = "https://api.github.com/repos/EmbarkStudios/cargo-deny/releases/assets/337862688"

[tools."github:EmbarkStudios/cargo-deny"."platforms.linux-x64"]
checksum = "sha256:0e8c2aa59128612c90d9e09c02204e912f29a5b8d9a64671b94608cbe09e064f"
url = "https://github.com/EmbarkStudios/cargo-deny/releases/download/0.19.0/cargo-deny-0.19.0-x86_64-unknown-linux-musl.tar.gz"
url_api = "https://api.github.com/repos/EmbarkStudios/cargo-deny/releases/assets/337862798"

[tools."github:EmbarkStudios/cargo-deny"."platforms.linux-x64-musl"]
checksum = "sha256:0e8c2aa59128612c90d9e09c02204e912f29a5b8d9a64671b94608cbe09e064f"
url = "https://github.com/EmbarkStudios/cargo-deny/releases/download/0.19.0/cargo-deny-0.19.0-x86_64-unknown-linux-musl.tar.gz"
url_api = "https://api.github.com/repos/EmbarkStudios/cargo-deny/releases/assets/337862798"

[tools."github:EmbarkStudios/cargo-deny"."platforms.macos-arm64"]
checksum = "sha256:a22f2023c06f3eefd099a5d42dd828fd4fa74d1e1c167bd1dbc3cf59ad62ded0"
url = "https://github.com/EmbarkStudios/cargo-deny/releases/download/0.19.0/cargo-deny-0.19.0-aarch64-apple-darwin.tar.gz"
url_api = "https://api.github.com/repos/EmbarkStudios/cargo-deny/releases/assets/337862521"

[tools."github:EmbarkStudios/cargo-deny"."platforms.macos-x64"]
checksum = "sha256:c42163655413f7e872638cd8c4345a327b512ef0ab99109e9cced691b95af5fb"
url = "https://github.com/EmbarkStudios/cargo-deny/releases/download/0.19.0/cargo-deny-0.19.0-x86_64-apple-darwin.tar.gz"
url_api = "https://api.github.com/repos/EmbarkStudios/cargo-deny/releases/assets/337862925"

[tools."github:EmbarkStudios/cargo-deny"."platforms.windows-x64"]
checksum = "sha256:413f0e2ce780d0d14ba8e9339f9fb033419a8a971ec7714faec518e4a664bdb0"
url = "https://github.com/EmbarkStudios/cargo-deny/releases/download/0.19.0/cargo-deny-0.19.0-x86_64-pc-windows-msvc.tar.gz"
url_api = "https://api.github.com/repos/EmbarkStudios/cargo-deny/releases/assets/337863628"

[[tools."github:axodotdev/cargo-dist"]]
version = "0.31.0"
backend = "github:axodotdev/cargo-dist"

[tools."github:axodotdev/cargo-dist"."platforms.linux-arm64"]
checksum = "sha256:382cc29ff91ef12a5bf78ad8ee1804661d24e2fbe64b1bdedd6078723b677ae5"
url = "https://github.com/axodotdev/cargo-dist/releases/download/v0.31.0/cargo-dist-aarch64-unknown-linux-gnu.tar.xz"
url_api = "https://api.github.com/repos/axodotdev/cargo-dist/releases/assets/360963381"
provenance = "github-attestations"

[tools."github:axodotdev/cargo-dist"."platforms.linux-arm64-musl"]
checksum = "sha256:2ce8104f4e10cbcb4b46eb892dd17b84237d8477f2de7aa024ce5a897447a489"
url = "https://github.com/axodotdev/cargo-dist/releases/download/v0.31.0/cargo-dist-aarch64-unknown-linux-musl.tar.xz"
url_api = "https://api.github.com/repos/axodotdev/cargo-dist/releases/assets/360963380"
provenance = "github-attestations"

[tools."github:axodotdev/cargo-dist"."platforms.linux-x64"]
checksum = "sha256:cd355dab0b4c02fb59038fef87655550021d07f45f1d82f947a34ef98560abb8"
url = "https://github.com/axodotdev/cargo-dist/releases/download/v0.31.0/cargo-dist-x86_64-unknown-linux-gnu.tar.xz"
url_api = "https://api.github.com/repos/axodotdev/cargo-dist/releases/assets/360963397"
provenance = "github-attestations"

[tools."github:axodotdev/cargo-dist"."platforms.linux-x64-musl"]
checksum = "sha256:1d46b93a785e8b666c0e7add581d747d53c3f29589cc3ef9aee60341ad899023"
url = "https://github.com/axodotdev/cargo-dist/releases/download/v0.31.0/cargo-dist-x86_64-unknown-linux-musl.tar.xz"
url_api = "https://api.github.com/repos/axodotdev/cargo-dist/releases/assets/360963400"
provenance = "github-attestations"

[tools."github:axodotdev/cargo-dist"."platforms.macos-arm64"]
checksum = "sha256:decb01c64c12501931c3cac3111b368a7f48adf8d9e65455c08e5757b9a1fd6f"
url = "https://github.com/axodotdev/cargo-dist/releases/download/v0.31.0/cargo-dist-aarch64-apple-darwin.tar.xz"
url_api = "https://api.github.com/repos/axodotdev/cargo-dist/releases/assets/360963377"
provenance = "github-attestations"

[tools."github:axodotdev/cargo-dist"."platforms.macos-x64"]
checksum = "sha256:fd4d8f9f07802359cbcdc52bac3abd7d5201c4b73a7cbcdd6faca2232a389f0c"
url = "https://github.com/axodotdev/cargo-dist/releases/download/v0.31.0/cargo-dist-x86_64-apple-darwin.tar.xz"
url_api = "https://api.github.com/repos/axodotdev/cargo-dist/releases/assets/360963393"
provenance = "github-attestations"

[tools."github:axodotdev/cargo-dist"."platforms.windows-x64"]
checksum = "sha256:a14e17557b269b101405e0cc6b647581d56313c954a51c7fddd423bba21e17b2"
url = "https://github.com/axodotdev/cargo-dist/releases/download/v0.31.0/cargo-dist-x86_64-pc-windows-msvc.zip"
url_api = "https://api.github.com/repos/axodotdev/cargo-dist/releases/assets/360963394"
provenance = "github-attestations"

[[tools."github:charmbracelet/vhs"]]
version = "0.10.0"
backend = "github:charmbracelet/vhs"

[tools."github:charmbracelet/vhs"."platforms.linux-arm64"]
checksum = "sha256:6d7300028d4641b9dc004a05cf411d40f1e12e560cc6fca985dd90504b6652a7"
url = "https://github.com/charmbracelet/vhs/releases/download/v0.10.0/vhs_0.10.0_Linux_arm64.tar.gz"
url_api = "https://api.github.com/repos/charmbracelet/vhs/releases/assets/264847395"

[tools."github:charmbracelet/vhs"."platforms.linux-arm64-musl"]
checksum = "sha256:6d7300028d4641b9dc004a05cf411d40f1e12e560cc6fca985dd90504b6652a7"
url = "https://github.com/charmbracelet/vhs/releases/download/v0.10.0/vhs_0.10.0_Linux_arm64.tar.gz"
url_api = "https://api.github.com/repos/charmbracelet/vhs/releases/assets/264847395"

[tools."github:charmbracelet/vhs"."platforms.linux-x64"]
checksum = "sha256:b552c3870aca101dcafe533cfef32dceb7b783400ad32642e728775c9f125407"
url = "https://github.com/charmbracelet/vhs/releases/download/v0.10.0/vhs_0.10.0_Linux_x86_64.tar.gz"
url_api = "https://api.github.com/repos/charmbracelet/vhs/releases/assets/264847388"

[tools."github:charmbracelet/vhs"."platforms.linux-x64-musl"]
checksum = "sha256:b552c3870aca101dcafe533cfef32dceb7b783400ad32642e728775c9f125407"
url = "https://github.com/charmbracelet/vhs/releases/download/v0.10.0/vhs_0.10.0_Linux_x86_64.tar.gz"
url_api = "https://api.github.com/repos/charmbracelet/vhs/releases/assets/264847388"

[tools."github:charmbracelet/vhs"."platforms.macos-arm64"]
checksum = "sha256:dc256c403305ac8ba623563d0ef3241a38024f35b27c705f79d523e9da618012"
url = "https://github.com/charmbracelet/vhs/releases/download/v0.10.0/vhs_0.10.0_Darwin_arm64.tar.gz"
url_api = "https://api.github.com/repos/charmbracelet/vhs/releases/assets/264847398"

[tools."github:charmbracelet/vhs"."platforms.macos-x64"]
checksum = "sha256:0ef1ae1f399dc837204aa737d375a44cddb0a605be3c32eaa659d4e6a5ad0b70"
url = "https://github.com/charmbracelet/vhs/releases/download/v0.10.0/vhs_0.10.0_Darwin_x86_64.tar.gz"
url_api = "https://api.github.com/repos/charmbracelet/vhs/releases/assets/264847396"

[tools."github:charmbracelet/vhs"."platforms.windows-x64"]
checksum = "sha256:7f5cffbbd01fe4229af0540856ddc0da933af0c16c05b1fbe62e0ef2097038a8"
url = "https://github.com/charmbracelet/vhs/releases/download/v0.10.0/vhs_0.10.0_Windows_x86_64.zip"
url_api = "https://api.github.com/repos/charmbracelet/vhs/releases/assets/264847397"

[[tools.rust]]
version = "1.95.0"
backend = "core:rust"

[[tools.shellcheck]]
version = "0.11.0"
backend = "aqua:koalaman/shellcheck"

[tools.shellcheck."platforms.linux-arm64"]
checksum = "sha256:12b331c1d2db6b9eb13cfca64306b1b157a86eb69db83023e261eaa7e7c14588"
url = "https://github.com/koalaman/shellcheck/releases/download/v0.11.0/shellcheck-v0.11.0.linux.aarch64.tar.xz"

[tools.shellcheck."platforms.linux-arm64-musl"]
checksum = "sha256:12b331c1d2db6b9eb13cfca64306b1b157a86eb69db83023e261eaa7e7c14588"
url = "https://github.com/koalaman/shellcheck/releases/download/v0.11.0/shellcheck-v0.11.0.linux.aarch64.tar.xz"

[tools.shellcheck."platforms.linux-x64"]
checksum = "sha256:8c3be12b05d5c177a04c29e3c78ce89ac86f1595681cab149b65b97c4e227198"
url = "https://github.com/koalaman/shellcheck/releases/download/v0.11.0/shellcheck-v0.11.0.linux.x86_64.tar.xz"

[tools.shellcheck."platforms.linux-x64-musl"]
checksum = "sha256:8c3be12b05d5c177a04c29e3c78ce89ac86f1595681cab149b65b97c4e227198"
url = "https://github.com/koalaman/shellcheck/releases/download/v0.11.0/shellcheck-v0.11.0.linux.x86_64.tar.xz"

[tools.shellcheck."platforms.macos-arm64"]
checksum = "sha256:56affdd8de5527894dca6dc3d7e0a99a873b0f004d7aabc30ae407d3f48b0a79"
url = "https://github.com/koalaman/shellcheck/releases/download/v0.11.0/shellcheck-v0.11.0.darwin.aarch64.tar.xz"

[tools.shellcheck."platforms.macos-x64"]
checksum = "sha256:3c89db4edcab7cf1c27bff178882e0f6f27f7afdf54e859fa041fca10febe4c6"
url = "https://github.com/koalaman/shellcheck/releases/download/v0.11.0/shellcheck-v0.11.0.darwin.x86_64.tar.xz"

[tools.shellcheck."platforms.windows-x64"]
checksum = "sha256:8a4e35ab0b331c85d73567b12f2a444df187f483e5079ceffa6bda1faa2e740e"
url = "https://github.com/koalaman/shellcheck/releases/download/v0.11.0/shellcheck-v0.11.0.zip"

[[tools.ttyd]]
version = "1.7.3"
backend = "aqua:tsl0922/ttyd"

[tools.ttyd."platforms.linux-arm64"]
url = "https://github.com/tsl0922/ttyd/releases/download/1.7.3/ttyd.aarch64"

[tools.ttyd."platforms.linux-arm64-musl"]
url = "https://github.com/tsl0922/ttyd/releases/download/1.7.3/ttyd.aarch64"

[tools.ttyd."platforms.linux-x64"]
url = "https://github.com/tsl0922/ttyd/releases/download/1.7.3/ttyd.x86_64"

[tools.ttyd."platforms.linux-x64-musl"]
url = "https://github.com/tsl0922/ttyd/releases/download/1.7.3/ttyd.x86_64"

[tools.ttyd."platforms.windows-x64"]
url = "https://github.com/tsl0922/ttyd/releases/download/1.7.3/ttyd.win32.exe"
