# @generated - this file is auto-generated by `mise lock` https://mise.jdx.dev/dev-tools/mise-lock.html

[[tools."github:EmbarkStudios/cargo-deny"]]
version = "0.19.0"
backend = "github:EmbarkStudios/cargo-deny"

[tools."github:EmbarkStudios/cargo-deny"."platforms.linux-arm64"]
checksum = "sha256:2b3567a60b7491c159d1cef8b7d8479d1ad2a31e29ef49462634ad4552fcc77d"
url = "https://github.com/EmbarkStudios/cargo-deny/releases/download/0.19.0/cargo-deny-0.19.0-aarch64-unknown-linux-musl.tar.gz"
url_api = "https://api.github.com/repos/EmbarkStudios/cargo-deny/releases/assets/337862688"

[tools."github:EmbarkStudios/cargo-deny"."platforms.linux-arm64-musl"]
checksum = "sha256:2b3567a60b7491c159d1cef8b7d8479d1ad2a31e29ef49462634ad4552fcc77d"
url = "https://github.com/EmbarkStudios/cargo-deny/releases/download/0.19.0/cargo-deny-0.19.0-aarch64-unknown-linux-musl.tar.gz"
url_api = "https://api.github.com/repos/EmbarkStudios/cargo-deny/releases/assets/337862688"

[tools."github:EmbarkStudios/cargo-deny"."platforms.linux-x64"]
checksum = "sha256:0e8c2aa59128612c90d9e09c02204e912f29a5b8d9a64671b94608cbe09e064f"
url = "https://github.com/EmbarkStudios/cargo-deny/releases/download/0.19.0/cargo-deny-0.19.0-x86_64-unknown-linux-musl.tar.gz"
url_api = "https://api.github.com/repos/EmbarkStudios/cargo-deny/releases/assets/337862798"

[tools."github:EmbarkStudios/cargo-deny"."platforms.linux-x64-musl"]
checksum = "sha256:0e8c2aa59128612c90d9e09c02204e912f29a5b8d9a64671b94608cbe09e064f"
url = "https://github.com/EmbarkStudios/cargo-deny/releases/download/0.19.0/cargo-deny-0.19.0-x86_64-unknown-linux-musl.tar.gz"
url_api = "https://api.github.com/repos/EmbarkStudios/cargo-deny/releases/assets/337862798"

[tools."github:EmbarkStudios/cargo-deny"."platforms.macos-arm64"]
checksum = "sha256:a22f2023c06f3eefd099a5d42dd828fd4fa74d1e1c167bd1dbc3cf59ad62ded0"
url = "https://github.com/EmbarkStudios/cargo-deny/releases/download/0.19.0/cargo-deny-0.19.0-aarch64-apple-darwin.tar.gz"
url_api = "https://api.github.com/repos/EmbarkStudios/cargo-deny/releases/assets/337862521"

[tools."github:EmbarkStudios/cargo-deny"."platforms.macos-x64"]
checksum = "sha256:c42163655413f7e872638cd8c4345a327b512ef0ab99109e9cced691b95af5fb"
url = "https://github.com/EmbarkStudios/cargo-deny/releases/download/0.19.0/cargo-deny-0.19.0-x86_64-apple-darwin.tar.gz"
url_api = "https://api.github.com/repos/EmbarkStudios/cargo-deny/releases/assets/337862925"

[tools."github:EmbarkStudios/cargo-deny"."platforms.windows-x64"]
checksum = "sha256:413f0e2ce780d0d14ba8e9339f9fb033419a8a971ec7714faec518e4a664bdb0"
url = "https://github.com/EmbarkStudios/cargo-deny/releases/download/0.19.0/cargo-deny-0.19.0-x86_64-pc-windows-msvc.tar.gz"
url_api = "https://api.github.com/repos/EmbarkStudios/cargo-deny/releases/assets/337863628"

[[tools."github:axodotdev/cargo-dist"]]
version = "0.31.0"
backend = "github:axodotdev/cargo-dist"

[tools."github:axodotdev/cargo-dist"."platforms.linux-arm64"]
checksum = "sha256:382cc29ff91ef12a5bf78ad8ee1804661d24e2fbe64b1bdedd6078723b677ae5"
url = "https://github.com/axodotdev/cargo-dist/releases/download/v0.31.0/cargo-dist-aarch64-unknown-linux-gnu.tar.xz"
url_api = "https://api.github.com/repos/axodotdev/cargo-dist/releases/assets/360963381"
provenance = "github-attestations"

[tools."github:axodotdev/cargo-dist"."platforms.linux-arm64-musl"]
checksum = "sha256:2ce8104f4e10cbcb4b46eb892dd17b84237d8477f2de7aa024ce5a897447a489"
url = "https://github.com/axodotdev/cargo-dist/releases/download/v0.31.0/cargo-dist-aarch64-unknown-linux-musl.tar.xz"
url_api = "https://api.github.com/repos/axodotdev/cargo-dist/releases/assets/360963380"
provenance = "github-attestations"

[tools."github:axodotdev/cargo-dist"."platforms.linux-x64"]
checksum = "sha256:cd355dab0b4c02fb59038fef87655550021d07f45f1d82f947a34ef98560abb8"
url = "https://github.com/axodotdev/cargo-dist/releases/download/v0.31.0/cargo-dist-x86_64-unknown-linux-gnu.tar.xz"
url_api = "https://api.github.com/repos/axodotdev/cargo-dist/releases/assets/360963397"
provenance = "github-attestations"

[tools."github:axodotdev/cargo-dist"."platforms.linux-x64-musl"]
checksum = "sha256:1d46b93a785e8b666c0e7add581d747d53c3f29589cc3ef9aee60341ad899023"
url = "https://github.com/axodotdev/cargo-dist/releases/download/v0.31.0/cargo-dist-x86_64-unknown-linux-musl.tar.xz"
url_api = "https://api.github.com/repos/axodotdev/cargo-dist/releases/assets/360963400"
provenance = "github-attestations"

[tools."github:axodotdev/cargo-dist"."platforms.macos-arm64"]
checksum = "sha256:decb01c64c12501931c3cac3111b368a7f48adf8d9e65455c08e5757b9a1fd6f"
url = "https://github.com/axodotdev/cargo-dist/releases/download/v0.31.0/cargo-dist-aarch64-apple-darwin.tar.xz"
url_api = "https://api.github.com/repos/axodotdev/cargo-dist/releases/assets/360963377"
provenance = "github-attestations"

[tools."github:axodotdev/cargo-dist"."platforms.macos-x64"]
checksum = "sha256:fd4d8f9f07802359cbcdc52bac3abd7d5201c4b73a7cbcdd6faca2232a389f0c"
url = "https://github.com/axodotdev/cargo-dist/releases/download/v0.31.0/cargo-dist-x86_64-apple-darwin.tar.xz"
url_api = "https://api.github.com/repos/axodotdev/cargo-dist/releases/assets/360963393"
provenance = "github-attestations"

[tools."github:axodotdev/cargo-dist"."platforms.windows-x64"]
checksum = "sha256:a14e17557b269b101405e0cc6b647581d56313c954a51c7fddd423bba21e17b2"
url = "https://github.com/axodotdev/cargo-dist/releases/download/v0.31.0/cargo-dist-x86_64-pc-windows-msvc.zip"
url_api = "https://api.github.com/repos/axodotdev/cargo-dist/releases/assets/360963394"
provenance = "github-attestations"

[[tools."github:charmbracelet/vhs"]]
version = "0.10.0"
backend = "github:charmbracelet/vhs"

[tools."github:charmbracelet/vhs"."platforms.linux-arm64"]
checksum = "sha256:6d7300028d4641b9dc004a05cf411d40f1e12e560cc6fca985dd90504b6652a7"
url = "https://github.com/charmbracelet/vhs/releases/download/v0.10.0/vhs_0.10.0_Linux_arm64.tar.gz"
url_api = "https://api.github.com/repos/charmbracelet/vhs/releases/assets/264847395"

[tools."github:charmbracelet/vhs"."platforms.linux-arm64-musl"]
checksum = "sha256:6d7300028d4641b9dc004a05cf411d40f1e12e560cc6fca985dd90504b6652a7"
url = "https://github.com/charmbracelet/vhs/releases/download/v0.10.0/vhs_0.10.0_Linux_arm64.tar.gz"
url_api = "https://api.github.com/repos/charmbracelet/vhs/releases/assets/264847395"

[tools."github:charmbracelet/vhs"."platforms.linux-x64"]
checksum = "sha256:b552c3870aca101dcafe533cfef32dceb7b783400ad32642e728775c9f125407"
url = "https://github.com/charmbracelet/vhs/releases/download/v0.10.0/vhs_0.10.0_Linux_x86_64.tar.gz"
url_api = "https://api.github.com/repos/charmbracelet/vhs/releases/assets/264847388"

[tools."github:charmbracelet/vhs"."platforms.linux-x64-musl"]
checksum = "sha256:b552c3870aca101dcafe533cfef32dceb7b783400ad32642e728775c9f125407"
url = "https://github.com/charmbracelet/vhs/releases/download/v0.10.0/vhs_0.10.0_Linux_x86_64.tar.gz"
url_api = "https://api.github.com/repos/charmbracelet/vhs/releases/assets/264847388"

[tools."github:charmbracelet/vhs"."platforms.macos-arm64"]
checksum = "sha256:dc256c403305ac8ba623563d0ef3241a38024f35b27c705f79d523e9da618012"
url = "https://github.com/charmbracelet/vhs/releases/download/v0.10.0/vhs_0.10.0_Darwin_arm64.tar.gz"
url_api = "https://api.github.com/repos/charmbracelet/vhs/releases/assets/264847398"

[tools."github:charmbracelet/vhs"."platforms.macos-x64"]
checksum = "sha256:0ef1ae1f399dc837204aa737d375a44cddb0a605be3c32eaa659d4e6a5ad0b70"
url = "https://github.com/charmbracelet/vhs/releases/download/v0.10.0/vhs_0.10.0_Darwin_x86_64.tar.gz"
url_api = "https://api.github.com/repos/charmbracelet/vhs/releases/assets/264847396"

[tools."github:charmbracelet/vhs"."platforms.windows-x64"]
checksum = "sha256:7f5cffbbd01fe4229af0540856ddc0da933af0c16c05b1fbe62e0ef2097038a8"
url = "https://github.com/charmbracelet/vhs/releases/download/v0.10.0/vhs_0.10.0_Windows_x86_64.zip"
url_api = "https://api.github.com/repos/charmbracelet/vhs/releases/assets/264847397"

[[tools."github:obi1kenobi/cargo-semver-checks"]]
version = "0.46.0"
backend = "github:obi1kenobi/cargo-semver-checks"

[tools."github:obi1kenobi/cargo-semver-checks"."platforms.linux-arm64"]
checksum = "sha256:8865c76ca33b773405e0e44f4f6d3c67c1e76c932b7bb26f90db6ca42a3b06d4"
url = "https://github.com/obi1kenobi/cargo-semver-checks/releases/download/v0.46.0/cargo-semver-checks-aarch64-unknown-linux-gnu.tar.gz"
url_api = "https://api.github.com/repos/obi1kenobi/cargo-semver-checks/releases/assets/344659850"

[tools."github:obi1kenobi/cargo-semver-checks"."platforms.linux-arm64-musl"]
checksum = "sha256:01dc7f09f626ca16ade530993aafe62cb87220fdaa95230331cd8089a7dde11a"
url = "https://github.com/obi1kenobi/cargo-semver-checks/releases/download/v0.46.0/cargo-semver-checks-aarch64-unknown-linux-musl.tar.gz"
url_api = "https://api.github.com/repos/obi1kenobi/cargo-semver-checks/releases/assets/344659952"

[tools."github:obi1kenobi/cargo-semver-checks"."platforms.linux-x64"]
checksum = "sha256:0a6a79f89a59708862abdbd8b2cff52e0831e97951959dfe2350f62c0f7ae7b6"
url = "https://github.com/obi1kenobi/cargo-semver-checks/releases/download/v0.46.0/cargo-semver-checks-x86_64-unknown-linux-gnu.tar.gz"
url_api = "https://api.github.com/repos/obi1kenobi/cargo-semver-checks/releases/assets/344659572"

[tools."github:obi1kenobi/cargo-semver-checks"."platforms.linux-x64-musl"]
checksum = "sha256:5114ac97744a3eede2b68f041da5ded2c494933483282a366810a334629c6264"
url = "https://github.com/obi1kenobi/cargo-semver-checks/releases/download/v0.46.0/cargo-semver-checks-x86_64-unknown-linux-musl.tar.gz"
url_api = "https://api.github.com/repos/obi1kenobi/cargo-semver-checks/releases/assets/344659807"

[tools."github:obi1kenobi/cargo-semver-checks"."platforms.macos-arm64"]
checksum = "sha256:06708e18ad3e9d01ae7bb7f3729343af877b1dc0a2023bfec2df37f1cce99a7f"
url = "https://github.com/obi1kenobi/cargo-semver-checks/releases/download/v0.46.0/cargo-semver-checks-aarch64-apple-darwin.tar.gz"
url_api = "https://api.github.com/repos/obi1kenobi/cargo-semver-checks/releases/assets/344660380"

[tools."github:obi1kenobi/cargo-semver-checks"."platforms.macos-x64"]
checksum = "sha256:6c4eb58398b24fb1139149f95823984f4a90e1ab0e820344e55fb16f9be47435"
url = "https://github.com/obi1kenobi/cargo-semver-checks/releases/download/v0.46.0/cargo-semver-checks-x86_64-apple-darwin.tar.gz"
url_api = "https://api.github.com/repos/obi1kenobi/cargo-semver-checks/releases/assets/344659701"

[tools."github:obi1kenobi/cargo-semver-checks"."platforms.windows-x64"]
checksum = "sha256:b6177ff73aa355704ea8c4690f291126e4798bc951f0fa520de9ef5387f004a6"
url = "https://github.com/obi1kenobi/cargo-semver-checks/releases/download/v0.46.0/cargo-semver-checks-x86_64-pc-windows-msvc.zip"
url_api = "https://api.github.com/repos/obi1kenobi/cargo-semver-checks/releases/assets/344661661"

[[tools.ttyd]]
version = "1.7.3"
backend = "aqua:tsl0922/ttyd"

[tools.ttyd."platforms.linux-arm64"]
url = "https://github.com/tsl0922/ttyd/releases/download/1.7.3/ttyd.aarch64"

[tools.ttyd."platforms.linux-arm64-musl"]
url = "https://github.com/tsl0922/ttyd/releases/download/1.7.3/ttyd.aarch64"

[tools.ttyd."platforms.linux-x64"]
url = "https://github.com/tsl0922/ttyd/releases/download/1.7.3/ttyd.x86_64"

[tools.ttyd."platforms.linux-x64-musl"]
url = "https://github.com/tsl0922/ttyd/releases/download/1.7.3/ttyd.x86_64"

[tools.ttyd."platforms.windows-x64"]
url = "https://github.com/tsl0922/ttyd/releases/download/1.7.3/ttyd.win32.exe"
